
Microsoft Visual Studio Solution File, Format Version 12.00
# Visual Studio 15
VisualStudioVersion = 15.0.28307.1321
MinimumVisualStudioVersion = 10.0.40219.1
Project("{159641D6-6404-4A2A-AE62-294DE0FE8301}") = "Integration Services Sales1", "Integration Services Sales1\Integration Services Sales1.dtproj", "{D6F0E765-F872-4CD6-8ECF-605BB09D56AE}"
EndProject
Global
	GlobalSection(SolutionConfigurationPlatforms) = preSolution
		Development|Default = Development|Default
	EndGlobalSection
	GlobalSection(ProjectConfigurationPlatforms) = postSolution
		{D6F0E765-F872-4CD6-8ECF-605BB09D56AE}.Development|Default.ActiveCfg = Development
		{D6F0E765-F872-4CD6-8ECF-605BB09D56AE}.Development|Default.Build.0 = Development
	EndGlobalSection
	GlobalSection(SolutionProperties) = preSolution
		HideSolutionNode = FALSE
	EndGlobalSection
	GlobalSection(ExtensibilityGlobals) = postSolution
		SolutionGuid = {43997108-75B9-4897-9753-EA4985919FF9}
	EndGlobalSection
EndGlobal
